
Microsoft Visual Studio Solution File, Format Version 12.00
# Visual Studio Version 17
VisualStudioVersion = 17.13.35828.75
MinimumVisualStudioVersion = 10.0.40219.1
Project("{2150E333-8FDC-42A3-9474-1A3956D46DE8}") = "Catalog", "Catalog", "{02EA681E-C7D8-13C7-8484-4AC65E1B71E8}"
EndProject
Project("{2150E333-8FDC-42A3-9474-1A3956D46DE8}") = "Orders", "Orders", "{A419242A-7AE2-429C-8905-1FA3884D7053}"
EndProject
Project("{FAE04EC0-301F-11D3-BF4B-00C04F79EFBC}") = "Catalog.Api", "Catalog.Api\Catalog.Api.csproj", "{978C9822-4AC1-4A27-BCF5-4690C4F63592}"
EndProject
Project("{FAE04EC0-301F-11D3-BF4B-00C04F79EFBC}") = "Orders.Api", "Orders.Api\Orders.Api.csproj", "{63C501F4-D782-41C2-94FA-DC67503C13AF}"
EndProject
Project("{FAE04EC0-301F-11D3-BF4B-00C04F79EFBC}") = "Orders.Bll", "Orders.Bll\Orders.Bll.csproj", "{FF321742-A3B2-4485-9513-62F005DE1828}"
EndProject
Project("{FAE04EC0-301F-11D3-BF4B-00C04F79EFBC}") = "Orders.Dal", "Orders.Dal\Orders.Dal.csproj", "{C645D855-1F48-4099-91F0-056B129C85AF}"
EndProject
Project("{FAE04EC0-301F-11D3-BF4B-00C04F79EFBC}") = "Orders.Domain", "Orders.Domain\Orders.Domain.csproj", "{D250B116-2893-4690-A689-BC5682F4A711}"
EndProject
Project("{FAE04EC0-301F-11D3-BF4B-00C04F79EFBC}") = "Common", "Common\Common.csproj", "{419746A6-E270-4337-AA1A-CF4EEE67505B}"
EndProject
Project("{FAE04EC0-301F-11D3-BF4B-00C04F79EFBC}") = "Catalog.Domain", "Catalog.Domain\Catalog.Domain.csproj", "{95D48E5D-6E70-4080-84D8-6E1BAD394698}"
EndProject
Project("{FAE04EC0-301F-11D3-BF4B-00C04F79EFBC}") = "Catalog.Application", "Catalog.Application\Catalog.Application.csproj", "{B2137E2C-8CD2-4C27-BC80-1434723B015B}"
EndProject
Project("{FAE04EC0-301F-11D3-BF4B-00C04F79EFBC}") = "Catalog.Infrastructure", "Catalog.Infrastructure\Catalog.Infrastructure.csproj", "{BDF899A7-96BE-4211-91C3-8BB353AC866E}"
EndProject
Project("{2150E333-8FDC-42A3-9474-1A3956D46DE8}") = "Review", "Review", "{47706AB1-1547-41BD-ABC4-55931E0C0C42}"
EndProject
Project("{FAE04EC0-301F-11D3-BF4B-00C04F79EFBC}") = "ReviewService.Application", "Review\ReviewService.Application\ReviewService.Application.csproj", "{222C992B-272B-4245-A94C-A4B2283044B1}"
EndProject
Project("{FAE04EC0-301F-11D3-BF4B-00C04F79EFBC}") = "ReviewService.Domain", "Review\ReviewService.Domain\ReviewService.Domain.csproj", "{DC853351-0C0A-47F6-A0CA-AF8AF3E41A27}"
EndProject
Project("{FAE04EC0-301F-11D3-BF4B-00C04F79EFBC}") = "ReviewService.API", "Review\ReviewService.API\ReviewService.API.csproj", "{0D9A6AD7-EEF7-47A9-852F-FAD278F3F8F2}"
EndProject
Project("{FAE04EC0-301F-11D3-BF4B-00C04F79EFBC}") = "ReviewService.Infrastructure", "Review\ReviewService.Infrastructure\ReviewService.Infrastructure.csproj", "{404F4FB7-37B3-4E2F-88A4-1F41BC9B0F63}"
EndProject
Global
	GlobalSection(SolutionConfigurationPlatforms) = preSolution
		Debug|Any CPU = Debug|Any CPU
		Release|Any CPU = Release|Any CPU
	EndGlobalSection
	GlobalSection(ProjectConfigurationPlatforms) = postSolution
		{978C9822-4AC1-4A27-BCF5-4690C4F63592}.Debug|Any CPU.ActiveCfg = Debug|Any CPU
		{978C9822-4AC1-4A27-BCF5-4690C4F63592}.Debug|Any CPU.Build.0 = Debug|Any CPU
		{978C9822-4AC1-4A27-BCF5-4690C4F63592}.Release|Any CPU.ActiveCfg = Release|Any CPU
		{978C9822-4AC1-4A27-BCF5-4690C4F63592}.Release|Any CPU.Build.0 = Release|Any CPU
		{63C501F4-D782-41C2-94FA-DC67503C13AF}.Debug|Any CPU.ActiveCfg = Debug|Any CPU
		{63C501F4-D782-41C2-94FA-DC67503C13AF}.Debug|Any CPU.Build.0 = Debug|Any CPU
		{63C501F4-D782-41C2-94FA-DC67503C13AF}.Release|Any CPU.ActiveCfg = Release|Any CPU
		{63C501F4-D782-41C2-94FA-DC67503C13AF}.Release|Any CPU.Build.0 = Release|Any CPU
		{FF321742-A3B2-4485-9513-62F005DE1828}.Debug|Any CPU.ActiveCfg = Debug|Any CPU
		{FF321742-A3B2-4485-9513-62F005DE1828}.Debug|Any CPU.Build.0 = Debug|Any CPU
		{FF321742-A3B2-4485-9513-62F005DE1828}.Release|Any CPU.ActiveCfg = Release|Any CPU
		{FF321742-A3B2-4485-9513-62F005DE1828}.Release|Any CPU.Build.0 = Release|Any CPU
		{C645D855-1F48-4099-91F0-056B129C85AF}.Debug|Any CPU.ActiveCfg = Debug|Any CPU
		{C645D855-1F48-4099-91F0-056B129C85AF}.Debug|Any CPU.Build.0 = Debug|Any CPU
		{C645D855-1F48-4099-91F0-056B129C85AF}.Release|Any CPU.ActiveCfg = Release|Any CPU
		{C645D855-1F48-4099-91F0-056B129C85AF}.Release|Any CPU.Build.0 = Release|Any CPU
		{D250B116-2893-4690-A689-BC5682F4A711}.Debug|Any CPU.ActiveCfg = Debug|Any CPU
		{D250B116-2893-4690-A689-BC5682F4A711}.Debug|Any CPU.Build.0 = Debug|Any CPU
		{D250B116-2893-4690-A689-BC5682F4A711}.Release|Any CPU.ActiveCfg = Release|Any CPU
		{D250B116-2893-4690-A689-BC5682F4A711}.Release|Any CPU.Build.0 = Release|Any CPU
		{419746A6-E270-4337-AA1A-CF4EEE67505B}.Debug|Any CPU.ActiveCfg = Debug|Any CPU
		{419746A6-E270-4337-AA1A-CF4EEE67505B}.Debug|Any CPU.Build.0 = Debug|Any CPU
		{419746A6-E270-4337-AA1A-CF4EEE67505B}.Release|Any CPU.ActiveCfg = Release|Any CPU
		{419746A6-E270-4337-AA1A-CF4EEE67505B}.Release|Any CPU.Build.0 = Release|Any CPU
		{95D48E5D-6E70-4080-84D8-6E1BAD394698}.Debug|Any CPU.ActiveCfg = Debug|Any CPU
		{95D48E5D-6E70-4080-84D8-6E1BAD394698}.Debug|Any CPU.Build.0 = Debug|Any CPU
		{95D48E5D-6E70-4080-84D8-6E1BAD394698}.Release|Any CPU.ActiveCfg = Release|Any CPU
		{95D48E5D-6E70-4080-84D8-6E1BAD394698}.Release|Any CPU.Build.0 = Release|Any CPU
		{B2137E2C-8CD2-4C27-BC80-1434723B015B}.Debug|Any CPU.ActiveCfg = Debug|Any CPU
		{B2137E2C-8CD2-4C27-BC80-1434723B015B}.Debug|Any CPU.Build.0 = Debug|Any CPU
		{B2137E2C-8CD2-4C27-BC80-1434723B015B}.Release|Any CPU.ActiveCfg = Release|Any CPU
		{B2137E2C-8CD2-4C27-BC80-1434723B015B}.Release|Any CPU.Build.0 = Release|Any CPU
		{BDF899A7-96BE-4211-91C3-8BB353AC866E}.Debug|Any CPU.ActiveCfg = Debug|Any CPU
		{BDF899A7-96BE-4211-91C3-8BB353AC866E}.Debug|Any CPU.Build.0 = Debug|Any CPU
		{BDF899A7-96BE-4211-91C3-8BB353AC866E}.Release|Any CPU.ActiveCfg = Release|Any CPU
		{BDF899A7-96BE-4211-91C3-8BB353AC866E}.Release|Any CPU.Build.0 = Release|Any CPU
		{222C992B-272B-4245-A94C-A4B2283044B1}.Debug|Any CPU.ActiveCfg = Debug|Any CPU
		{222C992B-272B-4245-A94C-A4B2283044B1}.Debug|Any CPU.Build.0 = Debug|Any CPU
		{222C992B-272B-4245-A94C-A4B2283044B1}.Release|Any CPU.ActiveCfg = Release|Any CPU
		{222C992B-272B-4245-A94C-A4B2283044B1}.Release|Any CPU.Build.0 = Release|Any CPU
		{DC853351-0C0A-47F6-A0CA-AF8AF3E41A27}.Debug|Any CPU.ActiveCfg = Debug|Any CPU
		{DC853351-0C0A-47F6-A0CA-AF8AF3E41A27}.Debug|Any CPU.Build.0 = Debug|Any CPU
		{DC853351-0C0A-47F6-A0CA-AF8AF3E41A27}.Release|Any CPU.ActiveCfg = Release|Any CPU
		{DC853351-0C0A-47F6-A0CA-AF8AF3E41A27}.Release|Any CPU.Build.0 = Release|Any CPU
		{0D9A6AD7-EEF7-47A9-852F-FAD278F3F8F2}.Debug|Any CPU.ActiveCfg = Debug|Any CPU
		{0D9A6AD7-EEF7-47A9-852F-FAD278F3F8F2}.Debug|Any CPU.Build.0 = Debug|Any CPU
		{0D9A6AD7-EEF7-47A9-852F-FAD278F3F8F2}.Release|Any CPU.ActiveCfg = Release|Any CPU
		{0D9A6AD7-EEF7-47A9-852F-FAD278F3F8F2}.Release|Any CPU.Build.0 = Release|Any CPU
		{404F4FB7-37B3-4E2F-88A4-1F41BC9B0F63}.Debug|Any CPU.ActiveCfg = Debug|Any CPU
		{404F4FB7-37B3-4E2F-88A4-1F41BC9B0F63}.Debug|Any CPU.Build.0 = Debug|Any CPU
		{404F4FB7-37B3-4E2F-88A4-1F41BC9B0F63}.Release|Any CPU.ActiveCfg = Release|Any CPU
		{404F4FB7-37B3-4E2F-88A4-1F41BC9B0F63}.Release|Any CPU.Build.0 = Release|Any CPU
	EndGlobalSection
	GlobalSection(SolutionProperties) = preSolution
		HideSolutionNode = FALSE
	EndGlobalSection
	GlobalSection(NestedProjects) = preSolution
		{978C9822-4AC1-4A27-BCF5-4690C4F63592} = {02EA681E-C7D8-13C7-8484-4AC65E1B71E8}
		{63C501F4-D782-41C2-94FA-DC67503C13AF} = {A419242A-7AE2-429C-8905-1FA3884D7053}
		{FF321742-A3B2-4485-9513-62F005DE1828} = {A419242A-7AE2-429C-8905-1FA3884D7053}
		{C645D855-1F48-4099-91F0-056B129C85AF} = {A419242A-7AE2-429C-8905-1FA3884D7053}
		{D250B116-2893-4690-A689-BC5682F4A711} = {A419242A-7AE2-429C-8905-1FA3884D7053}
		{419746A6-E270-4337-AA1A-CF4EEE67505B} = {A419242A-7AE2-429C-8905-1FA3884D7053}
		{95D48E5D-6E70-4080-84D8-6E1BAD394698} = {02EA681E-C7D8-13C7-8484-4AC65E1B71E8}
		{B2137E2C-8CD2-4C27-BC80-1434723B015B} = {02EA681E-C7D8-13C7-8484-4AC65E1B71E8}
		{BDF899A7-96BE-4211-91C3-8BB353AC866E} = {02EA681E-C7D8-13C7-8484-4AC65E1B71E8}
		{222C992B-272B-4245-A94C-A4B2283044B1} = {47706AB1-1547-41BD-ABC4-55931E0C0C42}
		{DC853351-0C0A-47F6-A0CA-AF8AF3E41A27} = {47706AB1-1547-41BD-ABC4-55931E0C0C42}
		{0D9A6AD7-EEF7-47A9-852F-FAD278F3F8F2} = {47706AB1-1547-41BD-ABC4-55931E0C0C42}
		{404F4FB7-37B3-4E2F-88A4-1F41BC9B0F63} = {47706AB1-1547-41BD-ABC4-55931E0C0C42}
	EndGlobalSection
	GlobalSection(ExtensibilityGlobals) = postSolution
		SolutionGuid = {B9D88009-56E8-4899-A74E-0604E8400252}
	EndGlobalSection
EndGlobal
